
Microsoft Visual Studio Solution File, Format Version 12.00
# Visual Studio Version 17
VisualStudioVersion = 17.5.33516.290
MinimumVisualStudioVersion = 10.0.40219.1
Project("{888888A0-9F3D-457C-B088-3A5042F75D52}") = "Les1", "Les1\Les1.pyproj", "{51964E47-8F8B-4D02-BB97-4D2095933D12}"
EndProject
Project("{888888A0-9F3D-457C-B088-3A5042F75D52}") = "Les1HW", "Les1HW\Les1HW.pyproj", "{8A1A2755-7BF1-402F-96B1-1C3C4660F3CB}"
EndProject
Project("{888888A0-9F3D-457C-B088-3A5042F75D52}") = "Les2", "Les2\Les2.pyproj", "{67042BB5-2E05-433D-B26B-CDF5DA48F14B}"
EndProject
Project("{888888A0-9F3D-457C-B088-3A5042F75D52}") = "Les2HW", "Les2HW\Les2HW.pyproj", "{F84CA4A3-BC53-448A-9161-1084250A56CC}"
EndProject
Project("{888888A0-9F3D-457C-B088-3A5042F75D52}") = "Les3", "Les3\Les3.pyproj", "{253D30D7-73B7-47F8-A0D1-5C86624BE182}"
EndProject
Project("{888888A0-9F3D-457C-B088-3A5042F75D52}") = "Les3_1", "Les3_1\Les3_1.pyproj", "{71C5A56F-7AB5-4DB6-9C5F-ED655062D4FD}"
EndProject
Project("{888888A0-9F3D-457C-B088-3A5042F75D52}") = "Les_3HW", "Les_3HW\Les_3HW.pyproj", "{A6E0CE16-437A-4AD0-A188-283E535C8B6E}"
EndProject
Global
	GlobalSection(SolutionConfigurationPlatforms) = preSolution
		Debug|Any CPU = Debug|Any CPU
		Release|Any CPU = Release|Any CPU
	EndGlobalSection
	GlobalSection(ProjectConfigurationPlatforms) = postSolution
		{51964E47-8F8B-4D02-BB97-4D2095933D12}.Debug|Any CPU.ActiveCfg = Debug|Any CPU
		{51964E47-8F8B-4D02-BB97-4D2095933D12}.Release|Any CPU.ActiveCfg = Release|Any CPU
		{8A1A2755-7BF1-402F-96B1-1C3C4660F3CB}.Debug|Any CPU.ActiveCfg = Debug|Any CPU
		{8A1A2755-7BF1-402F-96B1-1C3C4660F3CB}.Release|Any CPU.ActiveCfg = Release|Any CPU
		{67042BB5-2E05-433D-B26B-CDF5DA48F14B}.Debug|Any CPU.ActiveCfg = Debug|Any CPU
		{67042BB5-2E05-433D-B26B-CDF5DA48F14B}.Release|Any CPU.ActiveCfg = Release|Any CPU
		{F84CA4A3-BC53-448A-9161-1084250A56CC}.Debug|Any CPU.ActiveCfg = Debug|Any CPU
		{F84CA4A3-BC53-448A-9161-1084250A56CC}.Release|Any CPU.ActiveCfg = Release|Any CPU
		{253D30D7-73B7-47F8-A0D1-5C86624BE182}.Debug|Any CPU.ActiveCfg = Debug|Any CPU
		{253D30D7-73B7-47F8-A0D1-5C86624BE182}.Release|Any CPU.ActiveCfg = Release|Any CPU
		{71C5A56F-7AB5-4DB6-9C5F-ED655062D4FD}.Debug|Any CPU.ActiveCfg = Debug|Any CPU
		{71C5A56F-7AB5-4DB6-9C5F-ED655062D4FD}.Release|Any CPU.ActiveCfg = Release|Any CPU
		{A6E0CE16-437A-4AD0-A188-283E535C8B6E}.Debug|Any CPU.ActiveCfg = Debug|Any CPU
		{A6E0CE16-437A-4AD0-A188-283E535C8B6E}.Release|Any CPU.ActiveCfg = Release|Any CPU
	EndGlobalSection
	GlobalSection(SolutionProperties) = preSolution
		HideSolutionNode = FALSE
	EndGlobalSection
	GlobalSection(ExtensibilityGlobals) = postSolution
		SolutionGuid = {F173A3E0-9E40-4BF0-AD03-B8E249502E79}
	EndGlobalSection
EndGlobal
